
Microsoft Visual Studio Solution File, Format Version 12.00
# Visual Studio 15
Project("{FAE04EC0-301F-11D3-BF4B-00C04F79EFBC}") = "Scripts", "Scripts.csproj", "{7E0E5562-9EBA-75CA-25C6-E5A4C28F3A57}"
EndProject
Project("{FAE04EC0-301F-11D3-BF4B-00C04F79EFBC}") = "Assembly-CSharp", "Assembly-CSharp.csproj", "{46FBB407-4353-D21A-29EB-74CABD3CCA67}"
EndProject
Project("{FAE04EC0-301F-11D3-BF4B-00C04F79EFBC}") = "PlayMode", "PlayMode.csproj", "{5A53C9B7-FF0A-07EA-746B-FCF153123AD1}"
EndProject
Global
	GlobalSection(SolutionConfigurationPlatforms) = preSolution
		Debug|Any CPU = Debug|Any CPU
		Release|Any CPU = Release|Any CPU
	EndGlobalSection
	GlobalSection(ProjectConfigurationPlatforms) = postSolution
		{7E0E5562-9EBA-75CA-25C6-E5A4C28F3A57}.Debug|Any CPU.ActiveCfg = Debug|Any CPU
		{7E0E5562-9EBA-75CA-25C6-E5A4C28F3A57}.Debug|Any CPU.Build.0 = Debug|Any CPU
		{7E0E5562-9EBA-75CA-25C6-E5A4C28F3A57}.Release|Any CPU.ActiveCfg = Release|Any CPU
		{7E0E5562-9EBA-75CA-25C6-E5A4C28F3A57}.Release|Any CPU.Build.0 = Release|Any CPU
		{46FBB407-4353-D21A-29EB-74CABD3CCA67}.Debug|Any CPU.ActiveCfg = Debug|Any CPU
		{46FBB407-4353-D21A-29EB-74CABD3CCA67}.Debug|Any CPU.Build.0 = Debug|Any CPU
		{46FBB407-4353-D21A-29EB-74CABD3CCA67}.Release|Any CPU.ActiveCfg = Release|Any CPU
		{46FBB407-4353-D21A-29EB-74CABD3CCA67}.Release|Any CPU.Build.0 = Release|Any CPU
		{5A53C9B7-FF0A-07EA-746B-FCF153123AD1}.Debug|Any CPU.ActiveCfg = Debug|Any CPU
		{5A53C9B7-FF0A-07EA-746B-FCF153123AD1}.Debug|Any CPU.Build.0 = Debug|Any CPU
		{5A53C9B7-FF0A-07EA-746B-FCF153123AD1}.Release|Any CPU.ActiveCfg = Release|Any CPU
		{5A53C9B7-FF0A-07EA-746B-FCF153123AD1}.Release|Any CPU.Build.0 = Release|Any CPU
	EndGlobalSection
	GlobalSection(SolutionProperties) = preSolution
		HideSolutionNode = FALSE
	EndGlobalSection
EndGlobal
